<?xml version="1.0" encoding="utf-8"?>
<Project ToolsVersion="4.0" xmlns="http://schemas.microsoft.com/developer/msbuild/2003">
  <ItemGroup>
    <Filter Include="Gameserver">
      <UniqueIdentifier>{cc2af69c-40c0-4f0c-855e-8548975399cb}</UniqueIdentifier>
    </Filter>
    <Filter Include="Gameserver\Header">
      <UniqueIdentifier>{09fa9823-0f4b-4c8d-9160-4b72c9422590}</UniqueIdentifier>
    </Filter>
    <Filter Include="Gameserver\Source">
      <UniqueIdentifier>{d31e8d27-933a-40cf-af30-4037afe09030}</UniqueIdentifier>
    </Filter>
    <Filter Include="SDK">
      <UniqueIdentifier>{72644c5e-86ce-4010-8940-4a03e1edba26}</UniqueIdentifier>
    </Filter>
  </ItemGroup>
  <ItemGroup>
    <ClCompile Include="dllmain.cpp">
      <Filter>Gameserver</Filter>
    </ClCompile>
    <ClCompile Include="misc.cpp">
      <Filter>Gameserver\Source</Filter>
    </ClCompile>
    <ClCompile Include="SDK\SDK\CoreUObject_functions.cpp">
      <Filter>SDK</Filter>
    </ClCompile>
    <ClCompile Include="SDK\SDK\Basic.cpp">
      <Filter>SDK</Filter>
    </ClCompile>
    <ClCompile Include="SDK\SDK\FortniteGame_functions.cpp">
      <Filter>SDK</Filter>
    </ClCompile>
    <ClCompile Include="SDK\SDK\GameplayAbilities_functions.cpp">
      <Filter>SDK</Filter>
    </ClCompile>
    <ClCompile Include="SDK\SDK\Engine_functions.cpp">
      <Filter>SDK</Filter>
    </ClCompile>
    <ClCompile Include="PE.cpp">
      <Filter>Gameserver\Source</Filter>
    </ClCompile>
    <ClCompile Include="Gamemode.cpp">
      <Filter>Gameserver\Source</Filter>
    </ClCompile>
  </ItemGroup>
  <ItemGroup>
    <ClInclude Include="misc.h">
      <Filter>Gameserver\Header</Filter>
    </ClInclude>
    <ClInclude Include="SDK\SDK.hpp">
      <Filter>SDK</Filter>
    </ClInclude>
    <ClInclude Include="PE.h">
      <Filter>Gameserver\Header</Filter>
    </ClInclude>
    <ClInclude Include="Gamemode.h">
      <Filter>Gameserver\Header</Filter>
    </ClInclude>
  </ItemGroup>
</Project>